
Microsoft Visual Studio Solution File, Format Version 12.00
# Visual Studio Version 17
VisualStudioVersion = 17.2.32516.85
MinimumVisualStudioVersion = 10.0.40219.1
Project("{8BC9CEB8-8B4A-11D0-8D11-00A0C91BC942}") = "calculating working hours", "calculating working hours.vcxproj", "{286AB090-965E-4717-9F56-64E19391ACCF}"
EndProject
Global
	GlobalSection(SolutionConfigurationPlatforms) = preSolution
		Debug|x64 = Debug|x64
		Debug|x86 = Debug|x86
		Release|x64 = Release|x64
		Release|x86 = Release|x86
	EndGlobalSection
	GlobalSection(ProjectConfigurationPlatforms) = postSolution
		{286AB090-965E-4717-9F56-64E19391ACCF}.Debug|x64.ActiveCfg = Debug|x64
		{286AB090-965E-4717-9F56-64E19391ACCF}.Debug|x64.Build.0 = Debug|x64
		{286AB090-965E-4717-9F56-64E19391ACCF}.Debug|x86.ActiveCfg = Debug|Win32
		{286AB090-965E-4717-9F56-64E19391ACCF}.Debug|x86.Build.0 = Debug|Win32
		{286AB090-965E-4717-9F56-64E19391ACCF}.Release|x64.ActiveCfg = Release|x64
		{286AB090-965E-4717-9F56-64E19391ACCF}.Release|x64.Build.0 = Release|x64
		{286AB090-965E-4717-9F56-64E19391ACCF}.Release|x86.ActiveCfg = Release|Win32
		{286AB090-965E-4717-9F56-64E19391ACCF}.Release|x86.Build.0 = Release|Win32
	EndGlobalSection
	GlobalSection(SolutionProperties) = preSolution
		HideSolutionNode = FALSE
	EndGlobalSection
	GlobalSection(ExtensibilityGlobals) = postSolution
		SolutionGuid = {316B4CE2-D778-48B5-9F0B-298490D4FE00}
	EndGlobalSection
EndGlobal
